
Microsoft Visual Studio Solution File, Format Version 12.00
# Visual Studio Version 16
VisualStudioVersion = 16.0.31729.503
MinimumVisualStudioVersion = 10.0.40219.1
Project("{8BC9CEB8-8B4A-11D0-8D11-00A0C91BC942}") = "sm4", "sm4.vcxproj", "{6D97C597-B05C-4124-8233-C03BB7E3501C}"
EndProject
Global
	GlobalSection(SolutionConfigurationPlatforms) = preSolution
		Debug|x64 = Debug|x64
		Debug|x86 = Debug|x86
		Release|x64 = Release|x64
		Release|x86 = Release|x86
	EndGlobalSection
	GlobalSection(ProjectConfigurationPlatforms) = postSolution
		{6D97C597-B05C-4124-8233-C03BB7E3501C}.Debug|x64.ActiveCfg = Debug|x64
		{6D97C597-B05C-4124-8233-C03BB7E3501C}.Debug|x64.Build.0 = Debug|x64
		{6D97C597-B05C-4124-8233-C03BB7E3501C}.Debug|x86.ActiveCfg = Debug|Win32
		{6D97C597-B05C-4124-8233-C03BB7E3501C}.Debug|x86.Build.0 = Debug|Win32
		{6D97C597-B05C-4124-8233-C03BB7E3501C}.Release|x64.ActiveCfg = Release|x64
		{6D97C597-B05C-4124-8233-C03BB7E3501C}.Release|x64.Build.0 = Release|x64
		{6D97C597-B05C-4124-8233-C03BB7E3501C}.Release|x86.ActiveCfg = Release|Win32
		{6D97C597-B05C-4124-8233-C03BB7E3501C}.Release|x86.Build.0 = Release|Win32
	EndGlobalSection
	GlobalSection(SolutionProperties) = preSolution
		HideSolutionNode = FALSE
	EndGlobalSection
	GlobalSection(ExtensibilityGlobals) = postSolution
		SolutionGuid = {0DC537F0-721B-4D8E-9CF2-698627294BE1}
	EndGlobalSection
EndGlobal
